// !$*UTF8*$!
{
	archiveVersion = 1;
	classes = {
	};
	objectVersion = 60;
	objects = {

/* Begin PBXBuildFile section */
		13738D1C2AE272FA005BBAD5 /* ExyteMediaPicker in Frameworks */ = {isa = PBXBuildFile; productRef = 13738D1B2AE272FA005BBAD5 /* ExyteMediaPicker */; };
		5BFF684D2AD68B990099D333 /* MediaCell.swift in Sources */ = {isa = PBXBuildFile; fileRef = 5BFF68432AD68B990099D333 /* MediaCell.swift */; };
		5BFF684E2AD68B990099D333 /* FilterMediaPicker.swift in Sources */ = {isa = PBXBuildFile; fileRef = 5BFF68442AD68B990099D333 /* FilterMediaPicker.swift */; };
		5BFF684F2AD68B990099D333 /* Assets.xcassets in Resources */ = {isa = PBXBuildFile; fileRef = 5BFF68452AD68B990099D333 /* Assets.xcassets */; };
		5BFF68502AD68B990099D333 /* Preview Assets.xcassets in Resources */ = {isa = PBXBuildFile; fileRef = 5BFF68472AD68B990099D333 /* Preview Assets.xcassets */; };
		5BFF68512AD68B990099D333 /* CustomizedMediaPicker.swift in Sources */ = {isa = PBXBuildFile; fileRef = 5BFF68482AD68B990099D333 /* CustomizedMediaPicker.swift */; };
		5BFF68522AD68B990099D333 /* AppDelegate.swift in Sources */ = {isa = PBXBuildFile; fileRef = 5BFF68492AD68B990099D333 /* AppDelegate.swift */; };
		5BFF68532AD68B990099D333 /* Application.swift in Sources */ = {isa = PBXBuildFile; fileRef = 5BFF684A2AD68B990099D333 /* Application.swift */; };
		5BFF68542AD68B990099D333 /* ContentView.swift in Sources */ = {isa = PBXBuildFile; fileRef = 5BFF684B2AD68B990099D333 /* ContentView.swift */; };
/* End PBXBuildFile section */

/* Begin PBXFileReference section */
		5BFF68312AD689C80099D333 /* MediaPickerExample.app */ = {isa = PBXFileReference; explicitFileType = wrapper.application; includeInIndex = 0; path = MediaPickerExample.app; sourceTree = BUILT_PRODUCTS_DIR; };
		5BFF68432AD68B990099D333 /* MediaCell.swift */ = {isa = PBXFileReference; fileEncoding = 4; lastKnownFileType = sourcecode.swift; path = MediaCell.swift; sourceTree = "<group>"; };
		5BFF68442AD68B990099D333 /* FilterMediaPicker.swift */ = {isa = PBXFileReference; fileEncoding = 4; lastKnownFileType = sourcecode.swift; path = FilterMediaPicker.swift; sourceTree = "<group>"; };
		5BFF68452AD68B990099D333 /* Assets.xcassets */ = {isa = PBXFileReference; lastKnownFileType = folder.assetcatalog; path = Assets.xcassets; sourceTree = "<group>"; };
		5BFF68472AD68B990099D333 /* Preview Assets.xcassets */ = {isa = PBXFileReference; lastKnownFileType = folder.assetcatalog; path = "Preview Assets.xcassets"; sourceTree = "<group>"; };
		5BFF68482AD68B990099D333 /* CustomizedMediaPicker.swift */ = {isa = PBXFileReference; fileEncoding = 4; lastKnownFileType = sourcecode.swift; path = CustomizedMediaPicker.swift; sourceTree = "<group>"; };
		5BFF68492AD68B990099D333 /* AppDelegate.swift */ = {isa = PBXFileReference; fileEncoding = 4; lastKnownFileType = sourcecode.swift; path = AppDelegate.swift; sourceTree = "<group>"; };
		5BFF684A2AD68B990099D333 /* Application.swift */ = {isa = PBXFileReference; fileEncoding = 4; lastKnownFileType = sourcecode.swift; path = Application.swift; sourceTree = "<group>"; };
		5BFF684B2AD68B990099D333 /* ContentView.swift */ = {isa = PBXFileReference; fileEncoding = 4; lastKnownFileType = sourcecode.swift; path = ContentView.swift; sourceTree = "<group>"; };
/* End PBXFileReference section */

/* Begin PBXFrameworksBuildPhase section */
		5BFF682E2AD689C80099D333 /* Frameworks */ = {
			isa = PBXFrameworksBuildPhase;
			buildActionMask = 2147483647;
			files = (
				13738D1C2AE272FA005BBAD5 /* ExyteMediaPicker in Frameworks */,
			);
			runOnlyForDeploymentPostprocessing = 0;
		};
/* End PBXFrameworksBuildPhase section */

/* Begin PBXGroup section */
		5BFF68282AD689C80099D333 = {
			isa = PBXGroup;
			children = (
				5BFF68422AD68B990099D333 /* MediaPickerExample */,
				5BFF68322AD689C80099D333 /* Products */,
				5BFF68572AD68C510099D333 /* Frameworks */,
			);
			sourceTree = "<group>";
		};
		5BFF68322AD689C80099D333 /* Products */ = {
			isa = PBXGroup;
			children = (
				5BFF68312AD689C80099D333 /* MediaPickerExample.app */,
			);
			name = Products;
			sourceTree = "<group>";
		};
		5BFF68422AD68B990099D333 /* MediaPickerExample */ = {
			isa = PBXGroup;
			children = (
				5BFF684A2AD68B990099D333 /* Application.swift */,
				5BFF68492AD68B990099D333 /* AppDelegate.swift */,
				5BFF684B2AD68B990099D333 /* ContentView.swift */,
				5BFF68432AD68B990099D333 /* MediaCell.swift */,
				5BFF68482AD68B990099D333 /* CustomizedMediaPicker.swift */,
				5BFF68442AD68B990099D333 /* FilterMediaPicker.swift */,
				5BFF68452AD68B990099D333 /* Assets.xcassets */,
				5BFF68462AD68B990099D333 /* Preview Content */,
			);
			path = MediaPickerExample;
			sourceTree = "<group>";
		};
		5BFF68462AD68B990099D333 /* Preview Content */ = {
			isa = PBXGroup;
			children = (
				5BFF68472AD68B990099D333 /* Preview Assets.xcassets */,
			);
			path = "Preview Content";
			sourceTree = "<group>";
		};
		5BFF68572AD68C510099D333 /* Frameworks */ = {
			isa = PBXGroup;
			children = (
			);
			name = Frameworks;
			sourceTree = "<group>";
		};
/* End PBXGroup section */

/* Begin PBXNativeTarget section */
		5BFF68302AD689C80099D333 /* MediaPickerExample */ = {
			isa = PBXNativeTarget;
			buildConfigurationList = 5BFF683F2AD689C90099D333 /* Build configuration list for PBXNativeTarget "MediaPickerExample" */;
			buildPhases = (
				5BFF682D2AD689C80099D333 /* Sources */,
				5BFF682E2AD689C80099D333 /* Frameworks */,
				5BFF682F2AD689C80099D333 /* Resources */,
			);
			buildRules = (
			);
			dependencies = (
			);
			name = MediaPickerExample;
			packageProductDependencies = (
				13738D1B2AE272FA005BBAD5 /* ExyteMediaPicker */,
			);
			productName = MediaPickerExample;
			productReference = 5BFF68312AD689C80099D333 /* MediaPickerExample.app */;
			productType = "com.apple.product-type.application";
		};
/* End PBXNativeTarget section */

/* Begin PBXProject section */
		5BFF68292AD689C80099D333 /* Project object */ = {
			isa = PBXProject;
			attributes = {
				BuildIndependentTargetsInParallel = 1;
				LastSwiftUpdateCheck = 1500;
				LastUpgradeCheck = 1500;
				TargetAttributes = {
					5BFF68302AD689C80099D333 = {
						CreatedOnToolsVersion = 15.0;
					};
				};
			};
			buildConfigurationList = 5BFF682C2AD689C80099D333 /* Build configuration list for PBXProject "MediaPickerExample" */;
			compatibilityVersion = "Xcode 14.0";
			developmentRegion = en;
			hasScannedForEncodings = 0;
			knownRegions = (
				en,
				Base,
			);
			mainGroup = 5BFF68282AD689C80099D333;
			packageReferences = (
				13738D1A2AE272FA005BBAD5 /* XCLocalSwiftPackageReference ".." */,
			);
			productRefGroup = 5BFF68322AD689C80099D333 /* Products */;
			projectDirPath = "";
			projectRoot = "";
			targets = (
				5BFF68302AD689C80099D333 /* MediaPickerExample */,
			);
		};
/* End PBXProject section */

/* Begin PBXResourcesBuildPhase section */
		5BFF682F2AD689C80099D333 /* Resources */ = {
			isa = PBXResourcesBuildPhase;
			buildActionMask = 2147483647;
			files = (
				5BFF68502AD68B990099D333 /* Preview Assets.xcassets in Resources */,
				5BFF684F2AD68B990099D333 /* Assets.xcassets in Resources */,
			);
			runOnlyForDeploymentPostprocessing = 0;
		};
/* End PBXResourcesBuildPhase section */

/* Begin PBXSourcesBuildPhase section */
		5BFF682D2AD689C80099D333 /* Sources */ = {
			isa = PBXSourcesBuildPhase;
			buildActionMask = 2147483647;
			files = (
				5BFF68522AD68B990099D333 /* AppDelegate.swift in Sources */,
				5BFF68532AD68B990099D333 /* Application.swift in Sources */,
				5BFF68542AD68B990099D333 /* ContentView.swift in Sources */,
				5BFF68512AD68B990099D333 /* CustomizedMediaPicker.swift in Sources */,
				5BFF684D2AD68B990099D333 /* MediaCell.swift in Sources */,
				5BFF684E2AD68B990099D333 /* FilterMediaPicker.swift in Sources */,
			);
			runOnlyForDeploymentPostprocessing = 0;
		};
/* End PBXSourcesBuildPhase section */

/* Begin XCBuildConfiguration section */
		5BFF683D2AD689C90099D333 /* Debug */ = {
			isa = XCBuildConfiguration;
			buildSettings = {
				ALWAYS_SEARCH_USER_PATHS = NO;
				ASSETCATALOG_COMPILER_GENERATE_SWIFT_ASSET_SYMBOL_EXTENSIONS = YES;
				CLANG_ANALYZER_NONNULL = YES;
				CLANG_ANALYZER_NUMBER_OBJECT_CONVERSION = YES_AGGRESSIVE;
				CLANG_CXX_LANGUAGE_STANDARD = "gnu++20";
				CLANG_ENABLE_MODULES = YES;
				CLANG_ENABLE_OBJC_ARC = YES;
				CLANG_ENABLE_OBJC_WEAK = YES;
				CLANG_WARN_BLOCK_CAPTURE_AUTORELEASING = YES;
				CLANG_WARN_BOOL_CONVERSION = YES;
				CLANG_WARN_COMMA = YES;
				CLANG_WARN_CONSTANT_CONVERSION = YES;
				CLANG_WARN_DEPRECATED_OBJC_IMPLEMENTATIONS = YES;
				CLANG_WARN_DIRECT_OBJC_ISA_USAGE = YES_ERROR;
				CLANG_WARN_DOCUMENTATION_COMMENTS = YES;
				CLANG_WARN_EMPTY_BODY = YES;
				CLANG_WARN_ENUM_CONVERSION = YES;
				CLANG_WARN_INFINITE_RECURSION = YES;
				CLANG_WARN_INT_CONVERSION = YES;
				CLANG_WARN_NON_LITERAL_NULL_CONVERSION = YES;
				CLANG_WARN_OBJC_IMPLICIT_RETAIN_SELF = YES;
				CLANG_WARN_OBJC_LITERAL_CONVERSION = YES;
				CLANG_WARN_OBJC_ROOT_CLASS = YES_ERROR;
				CLANG_WARN_QUOTED_INCLUDE_IN_FRAMEWORK_HEADER = YES;
				CLANG_WARN_RANGE_LOOP_ANALYSIS = YES;
				CLANG_WARN_STRICT_PROTOTYPES = YES;
				CLANG_WARN_SUSPICIOUS_MOVE = YES;
				CLANG_WARN_UNGUARDED_AVAILABILITY = YES_AGGRESSIVE;
				CLANG_WARN_UNREACHABLE_CODE = YES;
				CLANG_WARN__DUPLICATE_METHOD_MATCH = YES;
				COPY_PHASE_STRIP = NO;
				DEBUG_INFORMATION_FORMAT = dwarf;
				ENABLE_STRICT_OBJC_MSGSEND = YES;
				ENABLE_TESTABILITY = YES;
				ENABLE_USER_SCRIPT_SANDBOXING = YES;
				GCC_C_LANGUAGE_STANDARD = gnu17;
				GCC_DYNAMIC_NO_PIC = NO;
				GCC_NO_COMMON_BLOCKS = YES;
				GCC_OPTIMIZATION_LEVEL = 0;
				GCC_PREPROCESSOR_DEFINITIONS = (
					"DEBUG=1",
					"$(inherited)",
				);
				GCC_WARN_64_TO_32_BIT_CONVERSION = YES;
				GCC_WARN_ABOUT_RETURN_TYPE = YES_ERROR;
				GCC_WARN_UNDECLARED_SELECTOR = YES;
				GCC_WARN_UNINITIALIZED_AUTOS = YES_AGGRESSIVE;
				GCC_WARN_UNUSED_FUNCTION = YES;
				GCC_WARN_UNUSED_VARIABLE = YES;
				IPHONEOS_DEPLOYMENT_TARGET = 15.0;
				LOCALIZATION_PREFERS_STRING_CATALOGS = YES;
				MTL_ENABLE_DEBUG_INFO = INCLUDE_SOURCE;
				MTL_FAST_MATH = YES;
				ONLY_ACTIVE_ARCH = YES;
				SDKROOT = iphoneos;
				SWIFT_ACTIVE_COMPILATION_CONDITIONS = "DEBUG $(inherited)";
				SWIFT_OPTIMIZATION_LEVEL = "-Onone";
			};
			name = Debug;
		};
		5BFF683E2AD689C90099D333 /* Release */ = {
			isa = XCBuildConfiguration;
			buildSettings = {
				ALWAYS_SEARCH_USER_PATHS = NO;
				ASSETCATALOG_COMPILER_GENERATE_SWIFT_ASSET_SYMBOL_EXTENSIONS = YES;
				CLANG_ANALYZER_NONNULL = YES;
				CLANG_ANALYZER_NUMBER_OBJECT_CONVERSION = YES_AGGRESSIVE;
				CLANG_CXX_LANGUAGE_STANDARD = "gnu++20";
				CLANG_ENABLE_MODULES = YES;
				CLANG_ENABLE_OBJC_ARC = YES;
				CLANG_ENABLE_OBJC_WEAK = YES;
				CLANG_WARN_BLOCK_CAPTURE_AUTORELEASING = YES;
				CLANG_WARN_BOOL_CONVERSION = YES;
				CLANG_WARN_COMMA = YES;
				CLANG_WARN_CONSTANT_CONVERSION = YES;
				CLANG_WARN_DEPRECATED_OBJC_IMPLEMENTATIONS = YES;
				CLANG_WARN_DIRECT_OBJC_ISA_USAGE = YES_ERROR;
				CLANG_WARN_DOCUMENTATION_COMMENTS = YES;
				CLANG_WARN_EMPTY_BODY = YES;
				CLANG_WARN_ENUM_CONVERSION = YES;
				CLANG_WARN_INFINITE_RECURSION = YES;
				CLANG_WARN_INT_CONVERSION = YES;
				CLANG_WARN_NON_LITERAL_NULL_CONVERSION = YES;
				CLANG_WARN_OBJC_IMPLICIT_RETAIN_SELF = YES;
				CLANG_WARN_OBJC_LITERAL_CONVERSION = YES;
				CLANG_WARN_OBJC_ROOT_CLASS = YES_ERROR;
				CLANG_WARN_QUOTED_INCLUDE_IN_FRAMEWORK_HEADER = YES;
				CLANG_WARN_RANGE_LOOP_ANALYSIS = YES;
				CLANG_WARN_STRICT_PROTOTYPES = YES;
				CLANG_WARN_SUSPICIOUS_MOVE = YES;
				CLANG_WARN_UNGUARDED_AVAILABILITY = YES_AGGRESSIVE;
				CLANG_WARN_UNREACHABLE_CODE = YES;
				CLANG_WARN__DUPLICATE_METHOD_MATCH = YES;
				COPY_PHASE_STRIP = NO;
				DEBUG_INFORMATION_FORMAT = "dwarf-with-dsym";
				ENABLE_NS_ASSERTIONS = NO;
				ENABLE_STRICT_OBJC_MSGSEND = YES;
				ENABLE_USER_SCRIPT_SANDBOXING = YES;
				GCC_C_LANGUAGE_STANDARD = gnu17;
				GCC_NO_COMMON_BLOCKS = YES;
				GCC_WARN_64_TO_32_BIT_CONVERSION = YES;
				GCC_WARN_ABOUT_RETURN_TYPE = YES_ERROR;
				GCC_WARN_UNDECLARED_SELECTOR = YES;
				GCC_WARN_UNINITIALIZED_AUTOS = YES_AGGRESSIVE;
				GCC_WARN_UNUSED_FUNCTION = YES;
				GCC_WARN_UNUSED_VARIABLE = YES;
				IPHONEOS_DEPLOYMENT_TARGET = 15.0;
				LOCALIZATION_PREFERS_STRING_CATALOGS = YES;
				MTL_ENABLE_DEBUG_INFO = NO;
				MTL_FAST_MATH = YES;
				SDKROOT = iphoneos;
				SWIFT_COMPILATION_MODE = wholemodule;
				VALIDATE_PRODUCT = YES;
			};
			name = Release;
		};
		5BFF68402AD689C90099D333 /* Debug */ = {
			isa = XCBuildConfiguration;
			buildSettings = {
				ASSETCATALOG_COMPILER_APPICON_NAME = AppIcon;
				ASSETCATALOG_COMPILER_GLOBAL_ACCENT_COLOR_NAME = AccentColor;
				CODE_SIGN_STYLE = Automatic;
				CURRENT_PROJECT_VERSION = 1;
				DEVELOPMENT_ASSET_PATHS = "\"MediaPickerExample/Preview Content\"";
				DEVELOPMENT_TEAM = FZXCM5CJ7P;
				ENABLE_PREVIEWS = YES;
				GENERATE_INFOPLIST_FILE = YES;
				INFOPLIST_KEY_NSCameraUsageDescription = "Grant access to camera to be able to take photos and videos";
				INFOPLIST_KEY_NSMicrophoneUsageDescription = "Grant access to microphone to be able to take videos";
				INFOPLIST_KEY_NSPhotoLibraryUsageDescription = "Grant access to photo library to be able to select photos";
				INFOPLIST_KEY_UIApplicationSceneManifest_Generation = YES;
				INFOPLIST_KEY_UIApplicationSupportsIndirectInputEvents = YES;
				INFOPLIST_KEY_UILaunchScreen_Generation = YES;
				INFOPLIST_KEY_UISupportedInterfaceOrientations_iPad = "UIInterfaceOrientationPortrait UIInterfaceOrientationPortraitUpsideDown UIInterfaceOrientationLandscapeLeft UIInterfaceOrientationLandscapeRight";
				INFOPLIST_KEY_UISupportedInterfaceOrientations_iPhone = "UIInterfaceOrientationPortrait UIInterfaceOrientationLandscapeLeft UIInterfaceOrientationLandscapeRight";
				LD_RUNPATH_SEARCH_PATHS = (
					"$(inherited)",
					"@executable_path/Frameworks",
				);
				MARKETING_VERSION = 1.0;
				PRODUCT_BUNDLE_IDENTIFIER = exyte.MediaPickerExample;
				PRODUCT_NAME = "$(TARGET_NAME)";
				SWIFT_EMIT_LOC_STRINGS = YES;
				SWIFT_VERSION = 5.0;
				TARGETED_DEVICE_FAMILY = "1,2";
			};
			name = Debug;
		};
		5BFF68412AD689C90099D333 /* Release */ = {
			isa = XCBuildConfiguration;
			buildSettings = {
				ASSETCATALOG_COMPILER_APPICON_NAME = AppIcon;
				ASSETCATALOG_COMPILER_GLOBAL_ACCENT_COLOR_NAME = AccentColor;
				CODE_SIGN_STYLE = Automatic;
				CURRENT_PROJECT_VERSION = 1;
				DEVELOPMENT_ASSET_PATHS = "\"MediaPickerExample/Preview Content\"";
				DEVELOPMENT_TEAM = FZXCM5CJ7P;
				ENABLE_PREVIEWS = YES;
				GENERATE_INFOPLIST_FILE = YES;
				INFOPLIST_KEY_NSCameraUsageDescription = "Grant access to camera to be able to take photos and videos";
				INFOPLIST_KEY_NSMicrophoneUsageDescription = "Grant access to microphone to be able to take videos";
				INFOPLIST_KEY_NSPhotoLibraryUsageDescription = "Grant access to photo library to be able to select photos";
				INFOPLIST_KEY_UIApplicationSceneManifest_Generation = YES;
				INFOPLIST_KEY_UIApplicationSupportsIndirectInputEvents = YES;
				INFOPLIST_KEY_UILaunchScreen_Generation = YES;
				INFOPLIST_KEY_UISupportedInterfaceOrientations_iPad = "UIInterfaceOrientationPortrait UIInterfaceOrientationPortraitUpsideDown UIInterfaceOrientationLandscapeLeft UIInterfaceOrientationLandscapeRight";
				INFOPLIST_KEY_UISupportedInterfaceOrientations_iPhone = "UIInterfaceOrientationPortrait UIInterfaceOrientationLandscapeLeft UIInterfaceOrientationLandscapeRight";
				LD_RUNPATH_SEARCH_PATHS = (
					"$(inherited)",
					"@executable_path/Frameworks",
				);
				MARKETING_VERSION = 1.0;
				PRODUCT_BUNDLE_IDENTIFIER = exyte.MediaPickerExample;
				PRODUCT_NAME = "$(TARGET_NAME)";
				SWIFT_EMIT_LOC_STRINGS = YES;
				SWIFT_VERSION = 5.0;
				TARGETED_DEVICE_FAMILY = "1,2";
			};
			name = Release;
		};
/* End XCBuildConfiguration section */

/* Begin XCConfigurationList section */
		5BFF682C2AD689C80099D333 /* Build configuration list for PBXProject "MediaPickerExample" */ = {
			isa = XCConfigurationList;
			buildConfigurations = (
				5BFF683D2AD689C90099D333 /* Debug */,
				5BFF683E2AD689C90099D333 /* Release */,
			);
			defaultConfigurationIsVisible = 0;
			defaultConfigurationName = Release;
		};
		5BFF683F2AD689C90099D333 /* Build configuration list for PBXNativeTarget "MediaPickerExample" */ = {
			isa = XCConfigurationList;
			buildConfigurations = (
				5BFF68402AD689C90099D333 /* Debug */,
				5BFF68412AD689C90099D333 /* Release */,
			);
			defaultConfigurationIsVisible = 0;
			defaultConfigurationName = Release;
		};
/* End XCConfigurationList section */

/* Begin XCLocalSwiftPackageReference section */
		13738D1A2AE272FA005BBAD5 /* XCLocalSwiftPackageReference ".." */ = {
			isa = XCLocalSwiftPackageReference;
			relativePath = ..;
		};
/* End XCLocalSwiftPackageReference section */

/* Begin XCSwiftPackageProductDependency section */
		13738D1B2AE272FA005BBAD5 /* ExyteMediaPicker */ = {
			isa = XCSwiftPackageProductDependency;
			productName = ExyteMediaPicker;
		};
/* End XCSwiftPackageProductDependency section */
	};
	rootObject = 5BFF68292AD689C80099D333 /* Project object */;
}
