// !$*UTF8*$!
{
	archiveVersion = 1;
	classes = {
	};
	objectVersion = 50;
	objects = {

/* Begin PBXBuildFile section */
		922CC9BE2206B7DC0085D404 /* synset_words.txt in Resources */ = {isa = PBXBuildFile; fileRef = 922CC9B92206B7DC0085D404 /* synset_words.txt */; };
		922CC9BF2206B7DC0085D404 /* testcat.jpg in Resources */ = {isa = PBXBuildFile; fileRef = 922CC9BA2206B7DC0085D404 /* testcat.jpg */; };
		922CC9C02206B7DC0085D404 /* squeezenet.txt in Resources */ = {isa = PBXBuildFile; fileRef = 922CC9BC2206B7DC0085D404 /* squeezenet.txt */; };
		922CC9C12206B7DC0085D404 /* squeezenet.jpg in Resources */ = {isa = PBXBuildFile; fileRef = 922CC9BD2206B7DC0085D404 /* squeezenet.jpg */; };
		929A7C1D221510C000C43722 /* AVFoundation.framework in Frameworks */ = {isa = PBXBuildFile; fileRef = 929A7C1C221510C000C43722 /* AVFoundation.framework */; };
		929A7C1F2215393900C43722 /* CoreMedia.framework in Frameworks */ = {isa = PBXBuildFile; fileRef = 929A7C1E2215393900C43722 /* CoreMedia.framework */; };
		AE2CFE2021FFE7390053943C /* AppDelegate.m in Sources */ = {isa = PBXBuildFile; fileRef = AE2CFE1F21FFE7390053943C /* AppDelegate.m */; };
		AE2CFE2321FFE7390053943C /* ViewController.mm in Sources */ = {isa = PBXBuildFile; fileRef = AE2CFE2221FFE7390053943C /* ViewController.mm */; };
		AE2CFE2621FFE7390053943C /* Main.storyboard in Resources */ = {isa = PBXBuildFile; fileRef = AE2CFE2421FFE7390053943C /* Main.storyboard */; };
		AE2CFE2821FFE73B0053943C /* Assets.xcassets in Resources */ = {isa = PBXBuildFile; fileRef = AE2CFE2721FFE73B0053943C /* Assets.xcassets */; };
		AE2CFE2B21FFE73B0053943C /* LaunchScreen.storyboard in Resources */ = {isa = PBXBuildFile; fileRef = AE2CFE2921FFE73B0053943C /* LaunchScreen.storyboard */; };
		AE2CFE2E21FFE73B0053943C /* main.m in Sources */ = {isa = PBXBuildFile; fileRef = AE2CFE2D21FFE73B0053943C /* main.m */; };
		AEA46E6222365A8000F80F59 /* squeezenet_v1.1.caffe.mnn in Resources */ = {isa = PBXBuildFile; fileRef = AEA46E6122365A7F00F80F59 /* squeezenet_v1.1.caffe.mnn */; };
		AEB7BD4722365B220030252F /* mobilenet_v2.caffe.mnn in Resources */ = {isa = PBXBuildFile; fileRef = AEB7BD4522365B220030252F /* mobilenet_v2.caffe.mnn */; };
		AEB7BD4822365B220030252F /* mobilenet_v2_1.0_224.tflite.mnn in Resources */ = {isa = PBXBuildFile; fileRef = AEB7BD4622365B220030252F /* mobilenet_v2_1.0_224.tflite.mnn */; };
		FE375821E28D10BE2F04DF9A /* libPods-playground.a in Frameworks */ = {isa = PBXBuildFile; fileRef = 443959A142C9F5A9260064A1 /* libPods-playground.a */; };
/* End PBXBuildFile section */

/* Begin PBXFileReference section */
		19D6949C3BE113930E7EB826 /* libPods-simple.a */ = {isa = PBXFileReference; explicitFileType = archive.ar; includeInIndex = 0; path = "libPods-simple.a"; sourceTree = BUILT_PRODUCTS_DIR; };
		443959A142C9F5A9260064A1 /* libPods-playground.a */ = {isa = PBXFileReference; explicitFileType = archive.ar; includeInIndex = 0; path = "libPods-playground.a"; sourceTree = BUILT_PRODUCTS_DIR; };
		78072E65338A363D5816A269 /* Pods-simple.release.xcconfig */ = {isa = PBXFileReference; includeInIndex = 1; lastKnownFileType = text.xcconfig; name = "Pods-simple.release.xcconfig"; path = "Pods/Target Support Files/Pods-simple/Pods-simple.release.xcconfig"; sourceTree = "<group>"; };
		823F14839C64B7FBF3FE2122 /* Pods-simple.debug.xcconfig */ = {isa = PBXFileReference; includeInIndex = 1; lastKnownFileType = text.xcconfig; name = "Pods-simple.debug.xcconfig"; path = "Pods/Target Support Files/Pods-simple/Pods-simple.debug.xcconfig"; sourceTree = "<group>"; };
		83E77ED818CBE7A7F809B82C /* Pods-playground.debug.xcconfig */ = {isa = PBXFileReference; includeInIndex = 1; lastKnownFileType = text.xcconfig; name = "Pods-playground.debug.xcconfig"; path = "Pods/Target Support Files/Pods-playground/Pods-playground.debug.xcconfig"; sourceTree = "<group>"; };
		922CC9B92206B7DC0085D404 /* synset_words.txt */ = {isa = PBXFileReference; fileEncoding = 4; lastKnownFileType = text; path = synset_words.txt; sourceTree = "<group>"; };
		922CC9BA2206B7DC0085D404 /* testcat.jpg */ = {isa = PBXFileReference; lastKnownFileType = image.jpeg; path = testcat.jpg; sourceTree = "<group>"; };
		922CC9BC2206B7DC0085D404 /* squeezenet.txt */ = {isa = PBXFileReference; fileEncoding = 4; lastKnownFileType = text; path = squeezenet.txt; sourceTree = "<group>"; };
		922CC9BD2206B7DC0085D404 /* squeezenet.jpg */ = {isa = PBXFileReference; lastKnownFileType = image.jpeg; path = squeezenet.jpg; sourceTree = "<group>"; };
		929A7C1C221510C000C43722 /* AVFoundation.framework */ = {isa = PBXFileReference; lastKnownFileType = wrapper.framework; name = AVFoundation.framework; path = System/Library/Frameworks/AVFoundation.framework; sourceTree = SDKROOT; };
		929A7C1E2215393900C43722 /* CoreMedia.framework */ = {isa = PBXFileReference; lastKnownFileType = wrapper.framework; name = CoreMedia.framework; path = System/Library/Frameworks/CoreMedia.framework; sourceTree = SDKROOT; };
		AE2CFE1B21FFE7390053943C /* playground.app */ = {isa = PBXFileReference; explicitFileType = wrapper.application; includeInIndex = 0; path = playground.app; sourceTree = BUILT_PRODUCTS_DIR; };
		AE2CFE1E21FFE7390053943C /* AppDelegate.h */ = {isa = PBXFileReference; lastKnownFileType = sourcecode.c.h; path = AppDelegate.h; sourceTree = "<group>"; };
		AE2CFE1F21FFE7390053943C /* AppDelegate.m */ = {isa = PBXFileReference; lastKnownFileType = sourcecode.c.objc; path = AppDelegate.m; sourceTree = "<group>"; };
		AE2CFE2121FFE7390053943C /* ViewController.h */ = {isa = PBXFileReference; lastKnownFileType = sourcecode.c.h; path = ViewController.h; sourceTree = "<group>"; };
		AE2CFE2221FFE7390053943C /* ViewController.mm */ = {isa = PBXFileReference; lastKnownFileType = sourcecode.cpp.objcpp; path = ViewController.mm; sourceTree = "<group>"; };
		AE2CFE2521FFE7390053943C /* Base */ = {isa = PBXFileReference; lastKnownFileType = file.storyboard; name = Base; path = Base.lproj/Main.storyboard; sourceTree = "<group>"; };
		AE2CFE2721FFE73B0053943C /* Assets.xcassets */ = {isa = PBXFileReference; lastKnownFileType = folder.assetcatalog; path = Assets.xcassets; sourceTree = "<group>"; };
		AE2CFE2A21FFE73B0053943C /* Base */ = {isa = PBXFileReference; lastKnownFileType = file.storyboard; name = Base; path = Base.lproj/LaunchScreen.storyboard; sourceTree = "<group>"; };
		AE2CFE2C21FFE73B0053943C /* Info.plist */ = {isa = PBXFileReference; lastKnownFileType = text.plist.xml; path = Info.plist; sourceTree = "<group>"; };
		AE2CFE2D21FFE73B0053943C /* main.m */ = {isa = PBXFileReference; lastKnownFileType = sourcecode.c.objc; path = main.m; sourceTree = "<group>"; };
		AEA46E6122365A7F00F80F59 /* squeezenet_v1.1.caffe.mnn */ = {isa = PBXFileReference; lastKnownFileType = file; name = squeezenet_v1.1.caffe.mnn; path = ../../../resource/model/SqueezeNet/v1.1/squeezenet_v1.1.caffe.mnn; sourceTree = "<group>"; };
		AEB7BD4522365B220030252F /* mobilenet_v2.caffe.mnn */ = {isa = PBXFileReference; lastKnownFileType = file; name = mobilenet_v2.caffe.mnn; path = ../../../resource/model/MobileNet/v2/mobilenet_v2.caffe.mnn; sourceTree = "<group>"; };
		AEB7BD4622365B220030252F /* mobilenet_v2_1.0_224.tflite.mnn */ = {isa = PBXFileReference; lastKnownFileType = file; name = mobilenet_v2_1.0_224.tflite.mnn; path = ../../../resource/model/MobileNet/v2/mobilenet_v2_1.0_224.tflite.mnn; sourceTree = "<group>"; };
		EA6810E9BE987AD4D96B7030 /* Pods-playground.release.xcconfig */ = {isa = PBXFileReference; includeInIndex = 1; lastKnownFileType = text.xcconfig; name = "Pods-playground.release.xcconfig"; path = "Pods/Target Support Files/Pods-playground/Pods-playground.release.xcconfig"; sourceTree = "<group>"; };
/* End PBXFileReference section */

/* Begin PBXFrameworksBuildPhase section */
		AE2CFE1821FFE7390053943C /* Frameworks */ = {
			isa = PBXFrameworksBuildPhase;
			buildActionMask = 2147483647;
			files = (
				929A7C1D221510C000C43722 /* AVFoundation.framework in Frameworks */,
				929A7C1F2215393900C43722 /* CoreMedia.framework in Frameworks */,
				FE375821E28D10BE2F04DF9A /* libPods-playground.a in Frameworks */,
			);
			runOnlyForDeploymentPostprocessing = 0;
		};
/* End PBXFrameworksBuildPhase section */

/* Begin PBXGroup section */
		15A8DFD835363B8C3ABB6745 /* Frameworks */ = {
			isa = PBXGroup;
			children = (
				929A7C1E2215393900C43722 /* CoreMedia.framework */,
				929A7C1C221510C000C43722 /* AVFoundation.framework */,
				19D6949C3BE113930E7EB826 /* libPods-simple.a */,
				443959A142C9F5A9260064A1 /* libPods-playground.a */,
			);
			name = Frameworks;
			sourceTree = "<group>";
		};
		922CC9B72206B7DC0085D404 /* model */ = {
			isa = PBXGroup;
			children = (
				922CC9B82206B7DC0085D404 /* MobileNet */,
				922CC9BB2206B7DC0085D404 /* SqueezeNet */,
			);
			name = model;
			path = ../model;
			sourceTree = "<group>";
		};
		922CC9B82206B7DC0085D404 /* MobileNet */ = {
			isa = PBXGroup;
			children = (
				AEB7BD4622365B220030252F /* mobilenet_v2_1.0_224.tflite.mnn */,
				AEB7BD4522365B220030252F /* mobilenet_v2.caffe.mnn */,
				922CC9B92206B7DC0085D404 /* synset_words.txt */,
				922CC9BA2206B7DC0085D404 /* testcat.jpg */,
			);
			path = MobileNet;
			sourceTree = "<group>";
		};
		922CC9BB2206B7DC0085D404 /* SqueezeNet */ = {
			isa = PBXGroup;
			children = (
				AEA46E6122365A7F00F80F59 /* squeezenet_v1.1.caffe.mnn */,
				922CC9BD2206B7DC0085D404 /* squeezenet.jpg */,
				922CC9BC2206B7DC0085D404 /* squeezenet.txt */,
			);
			path = SqueezeNet;
			sourceTree = "<group>";
		};
		AE2CFE1221FFE7390053943C = {
			isa = PBXGroup;
			children = (
				922CC9B72206B7DC0085D404 /* model */,
				AE2CFE1D21FFE7390053943C /* playground */,
				AE2CFE1C21FFE7390053943C /* Products */,
				E2FAA17DABCB955EAE859AFB /* Pods */,
				15A8DFD835363B8C3ABB6745 /* Frameworks */,
			);
			sourceTree = "<group>";
		};
		AE2CFE1C21FFE7390053943C /* Products */ = {
			isa = PBXGroup;
			children = (
				AE2CFE1B21FFE7390053943C /* playground.app */,
			);
			name = Products;
			sourceTree = "<group>";
		};
		AE2CFE1D21FFE7390053943C /* playground */ = {
			isa = PBXGroup;
			children = (
				AE2CFE1E21FFE7390053943C /* AppDelegate.h */,
				AE2CFE1F21FFE7390053943C /* AppDelegate.m */,
				AE2CFE2121FFE7390053943C /* ViewController.h */,
				AE2CFE2221FFE7390053943C /* ViewController.mm */,
				AE2CFE2421FFE7390053943C /* Main.storyboard */,
				AE2CFE2721FFE73B0053943C /* Assets.xcassets */,
				AE2CFE2921FFE73B0053943C /* LaunchScreen.storyboard */,
				AE2CFE2C21FFE73B0053943C /* Info.plist */,
				AE2CFE2D21FFE73B0053943C /* main.m */,
			);
			path = playground;
			sourceTree = "<group>";
		};
		E2FAA17DABCB955EAE859AFB /* Pods */ = {
			isa = PBXGroup;
			children = (
				823F14839C64B7FBF3FE2122 /* Pods-simple.debug.xcconfig */,
				78072E65338A363D5816A269 /* Pods-simple.release.xcconfig */,
				83E77ED818CBE7A7F809B82C /* Pods-playground.debug.xcconfig */,
				EA6810E9BE987AD4D96B7030 /* Pods-playground.release.xcconfig */,
			);
			name = Pods;
			sourceTree = "<group>";
		};
/* End PBXGroup section */

/* Begin PBXNativeTarget section */
		AE2CFE1A21FFE7390053943C /* playground */ = {
			isa = PBXNativeTarget;
			buildConfigurationList = AE2CFE3121FFE73B0053943C /* Build configuration list for PBXNativeTarget "playground" */;
			buildPhases = (
				A9C7A039042E03F4C93FF8F9 /* [CP] Check Pods Manifest.lock */,
				AE2CFE1721FFE7390053943C /* Sources */,
				AE2CFE1821FFE7390053943C /* Frameworks */,
				AE2CFE1921FFE7390053943C /* Resources */,
				AE37810A2200391000522E9C /* ShellScript */,
			);
			buildRules = (
			);
			dependencies = (
			);
			name = playground;
			productName = simple;
			productReference = AE2CFE1B21FFE7390053943C /* playground.app */;
			productType = "com.apple.product-type.application";
		};
/* End PBXNativeTarget section */

/* Begin PBXProject section */
		AE2CFE1321FFE7390053943C /* Project object */ = {
			isa = PBXProject;
			attributes = {
				LastUpgradeCheck = 1000;
				ORGANIZATIONNAME = com.taobao.alinn;
				TargetAttributes = {
					AE2CFE1A21FFE7390053943C = {
						CreatedOnToolsVersion = 10.0;
					};
				};
			};
			buildConfigurationList = AE2CFE1621FFE7390053943C /* Build configuration list for PBXProject "playground" */;
			compatibilityVersion = "Xcode 9.3";
			developmentRegion = en;
			hasScannedForEncodings = 0;
			knownRegions = (
				en,
				Base,
			);
			mainGroup = AE2CFE1221FFE7390053943C;
			productRefGroup = AE2CFE1C21FFE7390053943C /* Products */;
			projectDirPath = "";
			projectRoot = "";
			targets = (
				AE2CFE1A21FFE7390053943C /* playground */,
			);
		};
/* End PBXProject section */

/* Begin PBXResourcesBuildPhase section */
		AE2CFE1921FFE7390053943C /* Resources */ = {
			isa = PBXResourcesBuildPhase;
			buildActionMask = 2147483647;
			files = (
				922CC9BF2206B7DC0085D404 /* testcat.jpg in Resources */,
				AEB7BD4722365B220030252F /* mobilenet_v2.caffe.mnn in Resources */,
				AEA46E6222365A8000F80F59 /* squeezenet_v1.1.caffe.mnn in Resources */,
				922CC9C02206B7DC0085D404 /* squeezenet.txt in Resources */,
				AE2CFE2B21FFE73B0053943C /* LaunchScreen.storyboard in Resources */,
				AE2CFE2821FFE73B0053943C /* Assets.xcassets in Resources */,
				AEB7BD4822365B220030252F /* mobilenet_v2_1.0_224.tflite.mnn in Resources */,
				922CC9BE2206B7DC0085D404 /* synset_words.txt in Resources */,
				AE2CFE2621FFE7390053943C /* Main.storyboard in Resources */,
				922CC9C12206B7DC0085D404 /* squeezenet.jpg in Resources */,
			);
			runOnlyForDeploymentPostprocessing = 0;
		};
/* End PBXResourcesBuildPhase section */

/* Begin PBXShellScriptBuildPhase section */
		A9C7A039042E03F4C93FF8F9 /* [CP] Check Pods Manifest.lock */ = {
			isa = PBXShellScriptBuildPhase;
			buildActionMask = 2147483647;
			files = (
			);
			inputFileListPaths = (
			);
			inputPaths = (
				"${PODS_PODFILE_DIR_PATH}/Podfile.lock",
				"${PODS_ROOT}/Manifest.lock",
			);
			name = "[CP] Check Pods Manifest.lock";
			outputFileListPaths = (
			);
			outputPaths = (
				"$(DERIVED_FILE_DIR)/Pods-playground-checkManifestLockResult.txt",
			);
			runOnlyForDeploymentPostprocessing = 0;
			shellPath = /bin/sh;
			shellScript = "diff \"${PODS_PODFILE_DIR_PATH}/Podfile.lock\" \"${PODS_ROOT}/Manifest.lock\" > /dev/null\nif [ $? != 0 ] ; then\n    # print error to STDERR\n    echo \"error: The sandbox is not in sync with the Podfile.lock. Run 'pod install' or update your CocoaPods installation.\" >&2\n    exit 1\nfi\n# This output is used by Xcode 'outputs' to avoid re-running this script phase.\necho \"SUCCESS\" > \"${SCRIPT_OUTPUT_FILE_0}\"\n";
			showEnvVarsInLog = 0;
		};
		AE37810A2200391000522E9C /* ShellScript */ = {
			isa = PBXShellScriptBuildPhase;
			buildActionMask = 2147483647;
			files = (
			);
			inputFileListPaths = (
			);
			inputPaths = (
			);
			outputFileListPaths = (
			);
			outputPaths = (
			);
			runOnlyForDeploymentPostprocessing = 0;
			shellPath = /bin/sh;
			shellScript = "METAL_LIB_SRC=${TARGET_BUILD_DIR}/MNN/mnn.metallib\nMETAL_LIB_TGT=${METAL_LIBRARY_OUTPUT_DIR}/mnn.metallib\nif [ -f $METAL_LIB_SRC ] && [ ! -f $METAL_LIB_TGT ]; then\ncp $METAL_LIB_SRC $METAL_LIB_TGT\nfi\n";
		};
/* End PBXShellScriptBuildPhase section */

/* Begin PBXSourcesBuildPhase section */
		AE2CFE1721FFE7390053943C /* Sources */ = {
			isa = PBXSourcesBuildPhase;
			buildActionMask = 2147483647;
			files = (
				AE2CFE2321FFE7390053943C /* ViewController.mm in Sources */,
				AE2CFE2E21FFE73B0053943C /* main.m in Sources */,
				AE2CFE2021FFE7390053943C /* AppDelegate.m in Sources */,
			);
			runOnlyForDeploymentPostprocessing = 0;
		};
/* End PBXSourcesBuildPhase section */

/* Begin PBXVariantGroup section */
		AE2CFE2421FFE7390053943C /* Main.storyboard */ = {
			isa = PBXVariantGroup;
			children = (
				AE2CFE2521FFE7390053943C /* Base */,
			);
			name = Main.storyboard;
			sourceTree = "<group>";
		};
		AE2CFE2921FFE73B0053943C /* LaunchScreen.storyboard */ = {
			isa = PBXVariantGroup;
			children = (
				AE2CFE2A21FFE73B0053943C /* Base */,
			);
			name = LaunchScreen.storyboard;
			sourceTree = "<group>";
		};
/* End PBXVariantGroup section */

/* Begin XCBuildConfiguration section */
		AE2CFE2F21FFE73B0053943C /* Debug */ = {
			isa = XCBuildConfiguration;
			buildSettings = {
				ALWAYS_SEARCH_USER_PATHS = NO;
				CLANG_ANALYZER_NONNULL = YES;
				CLANG_ANALYZER_NUMBER_OBJECT_CONVERSION = YES_AGGRESSIVE;
				CLANG_CXX_LANGUAGE_STANDARD = "gnu++14";
				CLANG_CXX_LIBRARY = "libc++";
				CLANG_ENABLE_MODULES = YES;
				CLANG_ENABLE_OBJC_ARC = YES;
				CLANG_ENABLE_OBJC_WEAK = YES;
				CLANG_WARN_BLOCK_CAPTURE_AUTORELEASING = YES;
				CLANG_WARN_BOOL_CONVERSION = YES;
				CLANG_WARN_COMMA = YES;
				CLANG_WARN_CONSTANT_CONVERSION = YES;
				CLANG_WARN_DEPRECATED_OBJC_IMPLEMENTATIONS = YES;
				CLANG_WARN_DIRECT_OBJC_ISA_USAGE = YES_ERROR;
				CLANG_WARN_DOCUMENTATION_COMMENTS = YES;
				CLANG_WARN_EMPTY_BODY = YES;
				CLANG_WARN_ENUM_CONVERSION = YES;
				CLANG_WARN_INFINITE_RECURSION = YES;
				CLANG_WARN_INT_CONVERSION = YES;
				CLANG_WARN_NON_LITERAL_NULL_CONVERSION = YES;
				CLANG_WARN_OBJC_IMPLICIT_RETAIN_SELF = YES;
				CLANG_WARN_OBJC_LITERAL_CONVERSION = YES;
				CLANG_WARN_OBJC_ROOT_CLASS = YES_ERROR;
				CLANG_WARN_RANGE_LOOP_ANALYSIS = YES;
				CLANG_WARN_STRICT_PROTOTYPES = YES;
				CLANG_WARN_SUSPICIOUS_MOVE = YES;
				CLANG_WARN_UNGUARDED_AVAILABILITY = YES_AGGRESSIVE;
				CLANG_WARN_UNREACHABLE_CODE = YES;
				CLANG_WARN__DUPLICATE_METHOD_MATCH = YES;
				CODE_SIGN_IDENTITY = "iPhone Developer";
				COPY_PHASE_STRIP = NO;
				DEBUG_INFORMATION_FORMAT = dwarf;
				ENABLE_STRICT_OBJC_MSGSEND = YES;
				ENABLE_TESTABILITY = YES;
				GCC_C_LANGUAGE_STANDARD = gnu11;
				GCC_DYNAMIC_NO_PIC = NO;
				GCC_NO_COMMON_BLOCKS = YES;
				GCC_OPTIMIZATION_LEVEL = 0;
				GCC_PREPROCESSOR_DEFINITIONS = (
					"DEBUG=1",
					"$(inherited)",
				);
				GCC_WARN_64_TO_32_BIT_CONVERSION = YES;
				GCC_WARN_ABOUT_RETURN_TYPE = YES_ERROR;
				GCC_WARN_UNDECLARED_SELECTOR = YES;
				GCC_WARN_UNINITIALIZED_AUTOS = YES_AGGRESSIVE;
				GCC_WARN_UNUSED_FUNCTION = YES;
				GCC_WARN_UNUSED_VARIABLE = YES;
				IPHONEOS_DEPLOYMENT_TARGET = 12.0;
				MTL_ENABLE_DEBUG_INFO = INCLUDE_SOURCE;
				MTL_FAST_MATH = YES;
				ONLY_ACTIVE_ARCH = YES;
				SDKROOT = iphoneos;
			};
			name = Debug;
		};
		AE2CFE3021FFE73B0053943C /* Release */ = {
			isa = XCBuildConfiguration;
			buildSettings = {
				ALWAYS_SEARCH_USER_PATHS = NO;
				CLANG_ANALYZER_NONNULL = YES;
				CLANG_ANALYZER_NUMBER_OBJECT_CONVERSION = YES_AGGRESSIVE;
				CLANG_CXX_LANGUAGE_STANDARD = "gnu++14";
				CLANG_CXX_LIBRARY = "libc++";
				CLANG_ENABLE_MODULES = YES;
				CLANG_ENABLE_OBJC_ARC = YES;
				CLANG_ENABLE_OBJC_WEAK = YES;
				CLANG_WARN_BLOCK_CAPTURE_AUTORELEASING = YES;
				CLANG_WARN_BOOL_CONVERSION = YES;
				CLANG_WARN_COMMA = YES;
				CLANG_WARN_CONSTANT_CONVERSION = YES;
				CLANG_WARN_DEPRECATED_OBJC_IMPLEMENTATIONS = YES;
				CLANG_WARN_DIRECT_OBJC_ISA_USAGE = YES_ERROR;
				CLANG_WARN_DOCUMENTATION_COMMENTS = YES;
				CLANG_WARN_EMPTY_BODY = YES;
				CLANG_WARN_ENUM_CONVERSION = YES;
				CLANG_WARN_INFINITE_RECURSION = YES;
				CLANG_WARN_INT_CONVERSION = YES;
				CLANG_WARN_NON_LITERAL_NULL_CONVERSION = YES;
				CLANG_WARN_OBJC_IMPLICIT_RETAIN_SELF = YES;
				CLANG_WARN_OBJC_LITERAL_CONVERSION = YES;
				CLANG_WARN_OBJC_ROOT_CLASS = YES_ERROR;
				CLANG_WARN_RANGE_LOOP_ANALYSIS = YES;
				CLANG_WARN_STRICT_PROTOTYPES = YES;
				CLANG_WARN_SUSPICIOUS_MOVE = YES;
				CLANG_WARN_UNGUARDED_AVAILABILITY = YES_AGGRESSIVE;
				CLANG_WARN_UNREACHABLE_CODE = YES;
				CLANG_WARN__DUPLICATE_METHOD_MATCH = YES;
				CODE_SIGN_IDENTITY = "iPhone Developer";
				COPY_PHASE_STRIP = NO;
				DEBUG_INFORMATION_FORMAT = "dwarf-with-dsym";
				ENABLE_NS_ASSERTIONS = NO;
				ENABLE_STRICT_OBJC_MSGSEND = YES;
				GCC_C_LANGUAGE_STANDARD = gnu11;
				GCC_NO_COMMON_BLOCKS = YES;
				GCC_WARN_64_TO_32_BIT_CONVERSION = YES;
				GCC_WARN_ABOUT_RETURN_TYPE = YES_ERROR;
				GCC_WARN_UNDECLARED_SELECTOR = YES;
				GCC_WARN_UNINITIALIZED_AUTOS = YES_AGGRESSIVE;
				GCC_WARN_UNUSED_FUNCTION = YES;
				GCC_WARN_UNUSED_VARIABLE = YES;
				IPHONEOS_DEPLOYMENT_TARGET = 12.0;
				MTL_ENABLE_DEBUG_INFO = NO;
				MTL_FAST_MATH = YES;
				SDKROOT = iphoneos;
				VALIDATE_PRODUCT = YES;
			};
			name = Release;
		};
		AE2CFE3221FFE73B0053943C /* Debug */ = {
			isa = XCBuildConfiguration;
			baseConfigurationReference = 83E77ED818CBE7A7F809B82C /* Pods-playground.debug.xcconfig */;
			buildSettings = {
				ASSETCATALOG_COMPILER_APPICON_NAME = AppIcon;
				CODE_SIGN_STYLE = Automatic;
				DEVELOPMENT_TEAM = "";
				INFOPLIST_FILE = playground/Info.plist;
				IPHONEOS_DEPLOYMENT_TARGET = 9.0;
				LD_RUNPATH_SEARCH_PATHS = (
					"$(inherited)",
					"@executable_path/Frameworks",
				);
				PRODUCT_BUNDLE_IDENTIFIER = com.taobao.mnndemo;
				PRODUCT_NAME = "$(TARGET_NAME)";
				TARGETED_DEVICE_FAMILY = "1,2";
			};
			name = Debug;
		};
		AE2CFE3321FFE73B0053943C /* Release */ = {
			isa = XCBuildConfiguration;
			baseConfigurationReference = EA6810E9BE987AD4D96B7030 /* Pods-playground.release.xcconfig */;
			buildSettings = {
				ASSETCATALOG_COMPILER_APPICON_NAME = AppIcon;
				CODE_SIGN_STYLE = Automatic;
				DEVELOPMENT_TEAM = "";
				INFOPLIST_FILE = playground/Info.plist;
				IPHONEOS_DEPLOYMENT_TARGET = 9.0;
				LD_RUNPATH_SEARCH_PATHS = (
					"$(inherited)",
					"@executable_path/Frameworks",
				);
				ONLY_ACTIVE_ARCH = YES;
				PRODUCT_BUNDLE_IDENTIFIER = com.taobao.mnndemo;
				PRODUCT_NAME = "$(TARGET_NAME)";
				TARGETED_DEVICE_FAMILY = "1,2";
			};
			name = Release;
		};
/* End XCBuildConfiguration section */

/* Begin XCConfigurationList section */
		AE2CFE1621FFE7390053943C /* Build configuration list for PBXProject "playground" */ = {
			isa = XCConfigurationList;
			buildConfigurations = (
				AE2CFE2F21FFE73B0053943C /* Debug */,
				AE2CFE3021FFE73B0053943C /* Release */,
			);
			defaultConfigurationIsVisible = 0;
			defaultConfigurationName = Release;
		};
		AE2CFE3121FFE73B0053943C /* Build configuration list for PBXNativeTarget "playground" */ = {
			isa = XCConfigurationList;
			buildConfigurations = (
				AE2CFE3221FFE73B0053943C /* Debug */,
				AE2CFE3321FFE73B0053943C /* Release */,
			);
			defaultConfigurationIsVisible = 0;
			defaultConfigurationName = Release;
		};
/* End XCConfigurationList section */
	};
	rootObject = AE2CFE1321FFE7390053943C /* Project object */;
}
